dependencies:
- name: postgresql
  repository: oci://registry-1.docker.io/bitnamicharts
  version: 12.2.6
- name: redis-cluster
  repository: oci://registry-1.docker.io/bitnamicharts
  version: 8.4.3
- name: meilisearch
  repository: https://meilisearch.github.io/meilisearch-kubernetes
  version: 0.1.49
- name: minio
  repository: oci://registry-1.docker.io/bitnamicharts
  version: 12.2.4
digest: sha256:d3ef48da0639a0092519cffa7212e1bb74254cb283c72a3bbfe6bb04daa7c369
generated: "2023-04-22T09:19:10.184762+02:00"
