dependencies:
- name: memcached
  repository: oci://registry-1.docker.io/bitnamicharts
  version: 6.3.13
- name: postgresql
  repository: oci://registry-1.docker.io/bitnamicharts
  version: 12.2.6
- name: redis
  repository: https://charts.bitnami.com/bitnami
  version: 17.9.3
- name: meilisearch
  repository: https://meilisearch.github.io/meilisearch-kubernetes
  version: 0.1.49
digest: sha256:2f85eb6635374e337a2c04dc7392551bfeb5572856154b42ec48a7c3fde73740
generated: "2023-04-02T14:15:58.295246+02:00"
